
Microsoft Visual Studio Solution File, Format Version 12.00
# Visual Studio Version 16
VisualStudioVersion = 16.0.31105.61
MinimumVisualStudioVersion = 10.0.40219.1
Project("{FAE04EC0-301F-11D3-BF4B-00C04F79EFBC}") = "CarBrowser", "CarBrowser.csproj", "{DF4EEB20-6809-4C89-8596-A3361D6E67D7}"
EndProject
Global
	GlobalSection(SolutionConfigurationPlatforms) = preSolution
		Debug|Any CPU = Debug|Any CPU
		Release|Any CPU = Release|Any CPU
	EndGlobalSection
	GlobalSection(ProjectConfigurationPlatforms) = postSolution
		{DF4EEB20-6809-4C89-8596-A3361D6E67D7}.Debug|Any CPU.ActiveCfg = Debug|Any CPU
		{DF4EEB20-6809-4C89-8596-A3361D6E67D7}.Debug|Any CPU.Build.0 = Debug|Any CPU
		{DF4EEB20-6809-4C89-8596-A3361D6E67D7}.Release|Any CPU.ActiveCfg = Release|Any CPU
		{DF4EEB20-6809-4C89-8596-A3361D6E67D7}.Release|Any CPU.Build.0 = Release|Any CPU
	EndGlobalSection
	GlobalSection(SolutionProperties) = preSolution
		HideSolutionNode = FALSE
	EndGlobalSection
	GlobalSection(ExtensibilityGlobals) = postSolution
		SolutionGuid = {3C9F1EF0-7FB7-4E4F-B491-A09A20187CC2}
	EndGlobalSection
EndGlobal
